
Microsoft Visual Studio Solution File, Format Version 12.00
# Visual Studio Version 16
VisualStudioVersion = 16.0.31624.102
MinimumVisualStudioVersion = 10.0.40219.1
Project("{FAE04EC0-301F-11D3-BF4B-00C04F79EFBC}") = "OpeningWeekend", "OpeningWeekend\OpeningWeekend.csproj", "{DA945A65-5672-4B3A-BE8B-59299E273F24}"
EndProject
Global
	GlobalSection(SolutionConfigurationPlatforms) = preSolution
		Debug|Any CPU = Debug|Any CPU
		Release|Any CPU = Release|Any CPU
	EndGlobalSection
	GlobalSection(ProjectConfigurationPlatforms) = postSolution
		{DA945A65-5672-4B3A-BE8B-59299E273F24}.Debug|Any CPU.ActiveCfg = Debug|Any CPU
		{DA945A65-5672-4B3A-BE8B-59299E273F24}.Debug|Any CPU.Build.0 = Debug|Any CPU
		{DA945A65-5672-4B3A-BE8B-59299E273F24}.Release|Any CPU.ActiveCfg = Release|Any CPU
		{DA945A65-5672-4B3A-BE8B-59299E273F24}.Release|Any CPU.Build.0 = Release|Any CPU
	EndGlobalSection
	GlobalSection(SolutionProperties) = preSolution
		HideSolutionNode = FALSE
	EndGlobalSection
	GlobalSection(ExtensibilityGlobals) = postSolution
		SolutionGuid = {58BA9EA8-2EDE-4ADF-8FD8-059B99D6D2A3}
	EndGlobalSection
EndGlobal
